{
  "name": "@accingneff7a001/totam-aliquid-illo",
  "version": "1.0.0",
  "lockfileVersion": 3,
  "requires": true,
  "packages": {
    "": {
      "name": "@accingneff7a001/totam-aliquid-illo",
      "version": "1.0.0",
      "license": "MIT",
      "dependencies": {
        "@accingneff7a001/ea-aut-amet": "^1.0.0",
        "@accingneff7a001/enim-nostrum-saepe": "^1.0.0",
        "@accingneff7a001/ipsam-expedita-ex": "^1.0.0",
        "@accingneff7a001/ipsum-nostrum-fugiat": "^1.0.0",
        "@accingneff7a001/iste-vero-in": "^1.0.0",
        "@accingneff7a001/iusto-voluptatem-minus": "^1.0.0",
        "@accingneff7a001/libero-repudiandae-quo": "^1.0.0",
        "@accingneff7a001/maiores-fugit-nobis": "^1.0.0",
        "@accingneff7a001/nam-nesciunt-dolorum": "^1.0.0",
        "@accingneff7a001/natus-ipsum-maiores": "^1.0.0",
        "@accingneff7a001/officiis-error-tempora": "^1.0.0",
        "@accingneff7a001/pariatur-cupiditate-sapiente": "^1.0.0",
        "@accingneff7a001/provident-doloribus-deleniti": "^1.0.0",
        "@accingneff7a001/quia-quo-fugiat": "^1.0.0",
        "@accingneff7a001/quo-ut-nobis": "^1.0.0",
        "@accingneff7a001/repellat-iure-repudiandae": "^1.0.0",
        "@accingneff7a001/rerum-ut-laboriosam": "^1.0.0",
        "@accingneff7a001/similique-non-aut": "^1.0.0",
        "@accingneff7a001/tempore-vel-labore": "^1.0.0"
      }
    },
    "node_modules/@accingneff7a001/ea-aut-amet": {
      "version": "1.0.0",
      "resolved": "https://registry.npmjs.org/@accingneff7a001/ea-aut-amet/-/ea-aut-amet-1.0.0.tgz",
      "integrity": "sha512-eOQftuaUaZ6IUw/ikV4QW4HtPURoFpYLehEHLiYxNlQzTVIPa2L/bzyq68oMhY5ltasc5o+A0j46OOxY2FPuwQ==",
      "dependencies": {
        "@accingneff7a001/enim-nostrum-saepe": "^1.0.0",
        "@accingneff7a001/ipsum-nostrum-fugiat": "^1.0.0",
        "@accingneff7a001/iste-vero-in": "^1.0.0",
        "@accingneff7a001/iusto-voluptatem-minus": "^1.0.0",
        "@accingneff7a001/libero-repudiandae-quo": "^1.0.0",
        "@accingneff7a001/maiores-fugit-nobis": "^1.0.0",
        "@accingneff7a001/natus-ipsum-maiores": "^1.0.0",
        "@accingneff7a001/officiis-error-tempora": "^1.0.0",
        "@accingneff7a001/pariatur-cupiditate-sapiente": "^1.0.0",
        "@accingneff7a001/provident-doloribus-deleniti": "^1.0.0",
        "@accingneff7a001/quia-quo-fugiat": "^1.0.0",
        "@accingneff7a001/quo-ut-nobis": "^1.0.0",
        "@accingneff7a001/repellat-iure-repudiandae": "^1.0.0",
        "@accingneff7a001/rerum-ut-laboriosam": "^1.0.0",
        "@accingneff7a001/similique-non-aut": "^1.0.0",
        "@accingneff7a001/tempore-vel-labore": "^1.0.0"
      }
    },
    "node_modules/@accingneff7a001/enim-nostrum-saepe": {
      "version": "1.0.0",
      "resolved": "https://registry.npmjs.org/@accingneff7a001/enim-nostrum-saepe/-/enim-nostrum-saepe-1.0.0.tgz",
      "integrity": "sha512-va0A2kPXPhGyIlU3HALOgODdQVxnC94Qe0uO+TpX//Wju6lGCsfr/DGbMpvYHqEChQpqF3xQzpih6/g/UFJUAA==",
      "dependencies": {
        "@accingneff7a001/iusto-voluptatem-minus": "^1.0.0",
        "@accingneff7a001/maiores-fugit-nobis": "^1.0.0",
        "@accingneff7a001/natus-ipsum-maiores": "^1.0.0",
        "@accingneff7a001/officiis-error-tempora": "^1.0.0",
        "@accingneff7a001/quo-ut-nobis": "^1.0.0",
        "@accingneff7a001/rerum-ut-laboriosam": "^1.0.0",
        "@accingneff7a001/similique-non-aut": "^1.0.0"
      }
    },
    "node_modules/@accingneff7a001/ipsam-expedita-ex": {
      "version": "1.0.0",
      "resolved": "https://registry.npmjs.org/@accingneff7a001/ipsam-expedita-ex/-/ipsam-expedita-ex-1.0.0.tgz",
      "integrity": "sha512-PbUfBXiZGIoxJ+kub+xPehma9tGCeyl8BGeMjAqjbjV/+Zz5YJTU443dde/Gi1SpcEqbGQvuLiAxSUhgOntsHA==",
      "dependencies": {
        "@accingneff7a001/ea-aut-amet": "^1.0.0",
        "@accingneff7a001/enim-nostrum-saepe": "^1.0.0",
        "@accingneff7a001/ipsum-nostrum-fugiat": "^1.0.0",
        "@accingneff7a001/iste-vero-in": "^1.0.0",
        "@accingneff7a001/iusto-voluptatem-minus": "^1.0.0",
        "@accingneff7a001/libero-repudiandae-quo": "^1.0.0",
        "@accingneff7a001/maiores-fugit-nobis": "^1.0.0",
        "@accingneff7a001/nam-nesciunt-dolorum": "^1.0.0",
        "@accingneff7a001/natus-ipsum-maiores": "^1.0.0",
        "@accingneff7a001/officiis-error-tempora": "^1.0.0",
        "@accingneff7a001/pariatur-cupiditate-sapiente": "^1.0.0",
        "@accingneff7a001/provident-doloribus-deleniti": "^1.0.0",
        "@accingneff7a001/quia-quo-fugiat": "^1.0.0",
        "@accingneff7a001/quo-ut-nobis": "^1.0.0",
        "@accingneff7a001/repellat-iure-repudiandae": "^1.0.0",
        "@accingneff7a001/rerum-ut-laboriosam": "^1.0.0",
        "@accingneff7a001/similique-non-aut": "^1.0.0",
        "@accingneff7a001/tempore-vel-labore": "^1.0.0"
      }
    },
    "node_modules/@accingneff7a001/ipsum-nostrum-fugiat": {
      "version": "1.0.0",
      "resolved": "https://registry.npmjs.org/@accingneff7a001/ipsum-nostrum-fugiat/-/ipsum-nostrum-fugiat-1.0.0.tgz",
      "integrity": "sha512-OxTfu4UvE6JHYdXPeI2arwmnHBdekhLjLhlQHLNTizF5TD80MDJLuq3RqBCbyWJFUHwv7GJW0TjYTAFjleF0/Q==",
      "dependencies": {
        "@accingneff7a001/enim-nostrum-saepe": "^1.0.0",
        "@accingneff7a001/iste-vero-in": "^1.0.0",
        "@accingneff7a001/iusto-voluptatem-minus": "^1.0.0",
        "@accingneff7a001/libero-repudiandae-quo": "^1.0.0",
        "@accingneff7a001/maiores-fugit-nobis": "^1.0.0",
        "@accingneff7a001/natus-ipsum-maiores": "^1.0.0",
        "@accingneff7a001/officiis-error-tempora": "^1.0.0",
        "@accingneff7a001/pariatur-cupiditate-sapiente": "^1.0.0",
        "@accingneff7a001/provident-doloribus-deleniti": "^1.0.0",
        "@accingneff7a001/quo-ut-nobis": "^1.0.0",
        "@accingneff7a001/repellat-iure-repudiandae": "^1.0.0",
        "@accingneff7a001/rerum-ut-laboriosam": "^1.0.0",
        "@accingneff7a001/similique-non-aut": "^1.0.0"
      }
    },
    "node_modules/@accingneff7a001/iste-vero-in": {
      "version": "1.0.0",
      "resolved": "https://registry.npmjs.org/@accingneff7a001/iste-vero-in/-/iste-vero-in-1.0.0.tgz",
      "integrity": "sha512-Deu0nkPE4upqaj4BQ8dV2paZWu+jK98vZBugcZgZA5wmPzxWRuzK7Q5Cc7lXm/mNXEHdg+GtvxbR5FP8yShb8w==",
      "dependencies": {
        "@accingneff7a001/enim-nostrum-saepe": "^1.0.0",
        "@accingneff7a001/iusto-voluptatem-minus": "^1.0.0",
        "@accingneff7a001/libero-repudiandae-quo": "^1.0.0",
        "@accingneff7a001/maiores-fugit-nobis": "^1.0.0",
        "@accingneff7a001/natus-ipsum-maiores": "^1.0.0",
        "@accingneff7a001/officiis-error-tempora": "^1.0.0",
        "@accingneff7a001/pariatur-cupiditate-sapiente": "^1.0.0",
        "@accingneff7a001/quo-ut-nobis": "^1.0.0",
        "@accingneff7a001/rerum-ut-laboriosam": "^1.0.0",
        "@accingneff7a001/similique-non-aut": "^1.0.0"
      }
    },
    "node_modules/@accingneff7a001/iusto-voluptatem-minus": {
      "version": "1.0.0",
      "resolved": "https://registry.npmjs.org/@accingneff7a001/iusto-voluptatem-minus/-/iusto-voluptatem-minus-1.0.0.tgz",
      "integrity": "sha512-68vlKdoDcBSuzaTvOew8lycZkZuOGVxlVl5SXFW/qB78X9fTuepF8SXWg5T6v0Qevytm2HVvxRd0Jb+1fwIeBA==",
      "dependencies": {
        "@accingneff7a001/natus-ipsum-maiores": "^1.0.0",
        "@accingneff7a001/officiis-error-tempora": "^1.0.0",
        "@accingneff7a001/quo-ut-nobis": "^1.0.0",
        "@accingneff7a001/rerum-ut-laboriosam": "^1.0.0"
      }
    },
    "node_modules/@accingneff7a001/libero-repudiandae-quo": {
      "version": "1.0.0",
      "resolved": "https://registry.npmjs.org/@accingneff7a001/libero-repudiandae-quo/-/libero-repudiandae-quo-1.0.0.tgz",
      "integrity": "sha512-qcAeAu/RTMWjrS7vd21GK0M+I7XGBTC8inH7hyuvUKh9T1rsjlFxjFFLT1pmkWXWihyz6bqp2kIBt65EVEQnHw==",
      "dependencies": {
        "@accingneff7a001/enim-nostrum-saepe": "^1.0.0",
        "@accingneff7a001/iusto-voluptatem-minus": "^1.0.0",
        "@accingneff7a001/maiores-fugit-nobis": "^1.0.0",
        "@accingneff7a001/natus-ipsum-maiores": "^1.0.0",
        "@accingneff7a001/officiis-error-tempora": "^1.0.0",
        "@accingneff7a001/pariatur-cupiditate-sapiente": "^1.0.0",
        "@accingneff7a001/quo-ut-nobis": "^1.0.0",
        "@accingneff7a001/rerum-ut-laboriosam": "^1.0.0",
        "@accingneff7a001/similique-non-aut": "^1.0.0"
      }
    },
    "node_modules/@accingneff7a001/maiores-fugit-nobis": {
      "version": "1.0.0",
      "resolved": "https://registry.npmjs.org/@accingneff7a001/maiores-fugit-nobis/-/maiores-fugit-nobis-1.0.0.tgz",
      "integrity": "sha512-dj/xuQR0u85Uk+Mtk7y9AXk8sne1c0dc8OG8pUJwm3sMfetdFo1/PxAG4vDYL4zJMVPJkwB3wwt22Oj6enVO6w==",
      "dependencies": {
        "@accingneff7a001/iusto-voluptatem-minus": "^1.0.0",
        "@accingneff7a001/natus-ipsum-maiores": "^1.0.0",
        "@accingneff7a001/officiis-error-tempora": "^1.0.0",
        "@accingneff7a001/quo-ut-nobis": "^1.0.0",
        "@accingneff7a001/rerum-ut-laboriosam": "^1.0.0"
      }
    },
    "node_modules/@accingneff7a001/nam-nesciunt-dolorum": {
      "version": "1.0.0",
      "resolved": "https://registry.npmjs.org/@accingneff7a001/nam-nesciunt-dolorum/-/nam-nesciunt-dolorum-1.0.0.tgz",
      "integrity": "sha512-qmSowtHHIRVip1Z9/n5aZ+G51XVt9iPovuE/VXVrma44pAtv7274LN+bEq9mDNAOHTnnvgt3aKGoTJg9bSpIZw==",
      "dependencies": {
        "@accingneff7a001/ea-aut-amet": "^1.0.0",
        "@accingneff7a001/enim-nostrum-saepe": "^1.0.0",
        "@accingneff7a001/ipsum-nostrum-fugiat": "^1.0.0",
        "@accingneff7a001/iste-vero-in": "^1.0.0",
        "@accingneff7a001/iusto-voluptatem-minus": "^1.0.0",
        "@accingneff7a001/libero-repudiandae-quo": "^1.0.0",
        "@accingneff7a001/maiores-fugit-nobis": "^1.0.0",
        "@accingneff7a001/natus-ipsum-maiores": "^1.0.0",
        "@accingneff7a001/officiis-error-tempora": "^1.0.0",
        "@accingneff7a001/pariatur-cupiditate-sapiente": "^1.0.0",
        "@accingneff7a001/provident-doloribus-deleniti": "^1.0.0",
        "@accingneff7a001/quia-quo-fugiat": "^1.0.0",
        "@accingneff7a001/quo-ut-nobis": "^1.0.0",
        "@accingneff7a001/repellat-iure-repudiandae": "^1.0.0",
        "@accingneff7a001/rerum-ut-laboriosam": "^1.0.0",
        "@accingneff7a001/similique-non-aut": "^1.0.0",
        "@accingneff7a001/tempore-vel-labore": "^1.0.0"
      }
    },
    "node_modules/@accingneff7a001/natus-ipsum-maiores": {
      "version": "1.0.0",
      "resolved": "https://registry.npmjs.org/@accingneff7a001/natus-ipsum-maiores/-/natus-ipsum-maiores-1.0.0.tgz",
      "integrity": "sha512-MYCPO8HLrYSipaILlEqptZNmoRMk0OiKBj8Z823PQViHdb9BiQdocmBNjJ9krRbeBG7ul0L4O1rffDcRB+kdyQ=="
    },
    "node_modules/@accingneff7a001/officiis-error-tempora": {
      "version": "1.0.0",
      "resolved": "https://registry.npmjs.org/@accingneff7a001/officiis-error-tempora/-/officiis-error-tempora-1.0.0.tgz",
      "integrity": "sha512-wOZtlpVrrU82Rcc43jEp65+PBxSCeAqn5MkNPoYXkE5gScldaXShkPDzmIsVfgqc+MhtRUC7yjc4OqaJpvzXSg==",
      "dependencies": {
        "@accingneff7a001/natus-ipsum-maiores": "^1.0.0",
        "@accingneff7a001/quo-ut-nobis": "^1.0.0",
        "@accingneff7a001/rerum-ut-laboriosam": "^1.0.0"
      }
    },
    "node_modules/@accingneff7a001/pariatur-cupiditate-sapiente": {
      "version": "1.0.0",
      "resolved": "https://registry.npmjs.org/@accingneff7a001/pariatur-cupiditate-sapiente/-/pariatur-cupiditate-sapiente-1.0.0.tgz",
      "integrity": "sha512-zaA5iRJT5d+7F23XraPgoevEgMy3BqCWfGOcUa2Y2FBKjQyFy6dESRWVnouVQrbeBRtOpKh+ib2jaCu0BSL0cg==",
      "dependencies": {
        "@accingneff7a001/enim-nostrum-saepe": "^1.0.0",
        "@accingneff7a001/iusto-voluptatem-minus": "^1.0.0",
        "@accingneff7a001/maiores-fugit-nobis": "^1.0.0",
        "@accingneff7a001/natus-ipsum-maiores": "^1.0.0",
        "@accingneff7a001/officiis-error-tempora": "^1.0.0",
        "@accingneff7a001/quo-ut-nobis": "^1.0.0",
        "@accingneff7a001/rerum-ut-laboriosam": "^1.0.0",
        "@accingneff7a001/similique-non-aut": "^1.0.0"
      }
    },
    "node_modules/@accingneff7a001/provident-doloribus-deleniti": {
      "version": "1.0.0",
      "resolved": "https://registry.npmjs.org/@accingneff7a001/provident-doloribus-deleniti/-/provident-doloribus-deleniti-1.0.0.tgz",
      "integrity": "sha512-edPAWILrbKkPXtZMSJy0iNuCgZcAx/GTxscwPWM0Cz3Mye3zZ0SzGyyxrj+M5Qoya3ANxdh530X/IgNh0FkwdA==",
      "dependencies": {
        "@accingneff7a001/enim-nostrum-saepe": "^1.0.0",
        "@accingneff7a001/iste-vero-in": "^1.0.0",
        "@accingneff7a001/iusto-voluptatem-minus": "^1.0.0",
        "@accingneff7a001/libero-repudiandae-quo": "^1.0.0",
        "@accingneff7a001/maiores-fugit-nobis": "^1.0.0",
        "@accingneff7a001/natus-ipsum-maiores": "^1.0.0",
        "@accingneff7a001/officiis-error-tempora": "^1.0.0",
        "@accingneff7a001/pariatur-cupiditate-sapiente": "^1.0.0",
        "@accingneff7a001/quo-ut-nobis": "^1.0.0",
        "@accingneff7a001/repellat-iure-repudiandae": "^1.0.0",
        "@accingneff7a001/rerum-ut-laboriosam": "^1.0.0",
        "@accingneff7a001/similique-non-aut": "^1.0.0"
      }
    },
    "node_modules/@accingneff7a001/quia-quo-fugiat": {
      "version": "1.0.0",
      "resolved": "https://registry.npmjs.org/@accingneff7a001/quia-quo-fugiat/-/quia-quo-fugiat-1.0.0.tgz",
      "integrity": "sha512-qcL5jSSydP/MUst/3tNJaIPf/5UzQQThx40ykAmB9tAdADpsQbhhNAMunOH421KL1m945tCJ8qe9qIaS/oB7PQ==",
      "dependencies": {
        "@accingneff7a001/enim-nostrum-saepe": "^1.0.0",
        "@accingneff7a001/ipsum-nostrum-fugiat": "^1.0.0",
        "@accingneff7a001/iste-vero-in": "^1.0.0",
        "@accingneff7a001/iusto-voluptatem-minus": "^1.0.0",
        "@accingneff7a001/libero-repudiandae-quo": "^1.0.0",
        "@accingneff7a001/maiores-fugit-nobis": "^1.0.0",
        "@accingneff7a001/natus-ipsum-maiores": "^1.0.0",
        "@accingneff7a001/officiis-error-tempora": "^1.0.0",
        "@accingneff7a001/pariatur-cupiditate-sapiente": "^1.0.0",
        "@accingneff7a001/provident-doloribus-deleniti": "^1.0.0",
        "@accingneff7a001/quo-ut-nobis": "^1.0.0",
        "@accingneff7a001/repellat-iure-repudiandae": "^1.0.0",
        "@accingneff7a001/rerum-ut-laboriosam": "^1.0.0",
        "@accingneff7a001/similique-non-aut": "^1.0.0"
      }
    },
    "node_modules/@accingneff7a001/quo-ut-nobis": {
      "version": "1.0.0",
      "resolved": "https://registry.npmjs.org/@accingneff7a001/quo-ut-nobis/-/quo-ut-nobis-1.0.0.tgz",
      "integrity": "sha512-EXRVTwOL3bF8woi2PsjbuDdcHFM/RF4+RG25PHtoeQ0Hr1mJ3AcrY/XBYMVbdho9bDqJZoGKaP1TV3Wwb/IKnw==",
      "dependencies": {
        "@accingneff7a001/natus-ipsum-maiores": "^1.0.0"
      }
    },
    "node_modules/@accingneff7a001/repellat-iure-repudiandae": {
      "version": "1.0.0",
      "resolved": "https://registry.npmjs.org/@accingneff7a001/repellat-iure-repudiandae/-/repellat-iure-repudiandae-1.0.0.tgz",
      "integrity": "sha512-14+SHpbQyRWioV/lsyzOspaiihVzkaNNZ+u2Tl4qNhV9J88ayleGdb0aURb47fZpIrn2kgfpDS+c8eS8YFI5Iw==",
      "dependencies": {
        "@accingneff7a001/enim-nostrum-saepe": "^1.0.0",
        "@accingneff7a001/iste-vero-in": "^1.0.0",
        "@accingneff7a001/iusto-voluptatem-minus": "^1.0.0",
        "@accingneff7a001/libero-repudiandae-quo": "^1.0.0",
        "@accingneff7a001/maiores-fugit-nobis": "^1.0.0",
        "@accingneff7a001/natus-ipsum-maiores": "^1.0.0",
        "@accingneff7a001/officiis-error-tempora": "^1.0.0",
        "@accingneff7a001/pariatur-cupiditate-sapiente": "^1.0.0",
        "@accingneff7a001/quo-ut-nobis": "^1.0.0",
        "@accingneff7a001/rerum-ut-laboriosam": "^1.0.0",
        "@accingneff7a001/similique-non-aut": "^1.0.0"
      }
    },
    "node_modules/@accingneff7a001/rerum-ut-laboriosam": {
      "version": "1.0.0",
      "resolved": "https://registry.npmjs.org/@accingneff7a001/rerum-ut-laboriosam/-/rerum-ut-laboriosam-1.0.0.tgz",
      "integrity": "sha512-jQ8W0qeKNOep3kLzTXcIghUGh03dVwq4fEp8Xnx1IAK/IILZwjBRGwz9NpeBlWmodF55ZSq2G5udk6+QMMXgcA==",
      "dependencies": {
        "@accingneff7a001/natus-ipsum-maiores": "^1.0.0",
        "@accingneff7a001/quo-ut-nobis": "^1.0.0"
      }
    },
    "node_modules/@accingneff7a001/similique-non-aut": {
      "version": "1.0.0",
      "resolved": "https://registry.npmjs.org/@accingneff7a001/similique-non-aut/-/similique-non-aut-1.0.0.tgz",
      "integrity": "sha512-m9z/xis5zHyjyTkc+dVUUN17TmG9KjUOHlCU9BR6h41skABMS3FkkNJcwKN8dtVw3l/PwYolXTXwn6feS3Yqjg==",
      "dependencies": {
        "@accingneff7a001/iusto-voluptatem-minus": "^1.0.0",
        "@accingneff7a001/maiores-fugit-nobis": "^1.0.0",
        "@accingneff7a001/natus-ipsum-maiores": "^1.0.0",
        "@accingneff7a001/officiis-error-tempora": "^1.0.0",
        "@accingneff7a001/quo-ut-nobis": "^1.0.0",
        "@accingneff7a001/rerum-ut-laboriosam": "^1.0.0"
      }
    },
    "node_modules/@accingneff7a001/tempore-vel-labore": {
      "version": "1.0.0",
      "resolved": "https://registry.npmjs.org/@accingneff7a001/tempore-vel-labore/-/tempore-vel-labore-1.0.0.tgz",
      "integrity": "sha512-zznjPEBh1IaJHqJrngpTcUnT0+dAR4bDBi6lccXu/DpS3FLS9TsQ4HqjV9E2I835A3frQO4uuLj6kRA9wjh0Yw==",
      "dependencies": {
        "@accingneff7a001/enim-nostrum-saepe": "^1.0.0",
        "@accingneff7a001/ipsum-nostrum-fugiat": "^1.0.0",
        "@accingneff7a001/iste-vero-in": "^1.0.0",
        "@accingneff7a001/iusto-voluptatem-minus": "^1.0.0",
        "@accingneff7a001/libero-repudiandae-quo": "^1.0.0",
        "@accingneff7a001/maiores-fugit-nobis": "^1.0.0",
        "@accingneff7a001/natus-ipsum-maiores": "^1.0.0",
        "@accingneff7a001/officiis-error-tempora": "^1.0.0",
        "@accingneff7a001/pariatur-cupiditate-sapiente": "^1.0.0",
        "@accingneff7a001/provident-doloribus-deleniti": "^1.0.0",
        "@accingneff7a001/quia-quo-fugiat": "^1.0.0",
        "@accingneff7a001/quo-ut-nobis": "^1.0.0",
        "@accingneff7a001/repellat-iure-repudiandae": "^1.0.0",
        "@accingneff7a001/rerum-ut-laboriosam": "^1.0.0",
        "@accingneff7a001/similique-non-aut": "^1.0.0"
      }
    }
  }
}
